{
  "name": "find-sign-vectors-builder",
  "version": "1.0.0",
  "lockfileVersion": 2,
  "requires": true,
  "packages": {
    "": {
      "name": "find-sign-vectors-builder",
      "version": "1.0.0",
      "license": "Unlicense",
      "dependencies": {
        "@mangosteen/line-by-line": "^2.0.0",
        "@stardazed/streams-text-encoding": "^1.0.2",
        "byline": "^5.0.0",
        "it-length-prefixed": "^7.0.1",
        "node-fetch": "^3.2.4",
        "progress": "^2.0.3"
      }
    },
    "node_modules/@mangosteen/line-by-line": {
      "version": "2.0.0",
      "resolved": "https://registry.npmjs.org/@mangosteen/line-by-line/-/line-by-line-2.0.0.tgz",
      "integrity": "sha512-PgG5j9lIaPn2631ZmXRLW4yUh2Luka6xgwsW80HA45oROx8jg8GV0CyQfyZ42pNnJzJDmKDgRhbS+p61fyEJLw=="
    },
    "node_modules/@stardazed/streams-text-encoding": {
      "version": "1.0.2",
      "resolved": "https://registry.npmjs.org/@stardazed/streams-text-encoding/-/streams-text-encoding-1.0.2.tgz",
      "integrity": "sha512-f2Z15BId3t44a/u21yYSGXFAkCyKocmAyduoAy7swnZ4xIfbaZlOWsgly/jDNNOuj6hYQN72UaBRe3Z/tOHfqg=="
    },
    "node_modules/byline": {
      "version": "5.0.0",
      "resolved": "https://registry.npmjs.org/byline/-/byline-5.0.0.tgz",
      "integrity": "sha1-dBxSFkaOrcRXsDQQEYrXfejB3bE=",
      "engines": {
        "node": ">=0.10.0"
      }
    },
    "node_modules/data-uri-to-buffer": {
      "version": "4.0.0",
      "resolved": "https://registry.npmjs.org/data-uri-to-buffer/-/data-uri-to-buffer-4.0.0.tgz",
      "integrity": "sha512-Vr3mLBA8qWmcuschSLAOogKgQ/Jwxulv3RNE4FXnYWRGujzrRWQI4m12fQqRkwX06C0KanhLr4hK+GydchZsaA==",
      "engines": {
        "node": ">= 12"
      }
    },
    "node_modules/err-code": {
      "version": "3.0.1",
      "resolved": "https://registry.npmjs.org/err-code/-/err-code-3.0.1.tgz",
      "integrity": "sha512-GiaH0KJUewYok+eeY05IIgjtAe4Yltygk9Wqp1V5yVWLdhf0hYZchRjNIT9bb0mSwRcIusT3cx7PJUf3zEIfUA=="
    },
    "node_modules/fetch-blob": {
      "version": "3.1.5",
      "resolved": "https://registry.npmjs.org/fetch-blob/-/fetch-blob-3.1.5.tgz",
      "integrity": "sha512-N64ZpKqoLejlrwkIAnb9iLSA3Vx/kjgzpcDhygcqJ2KKjky8nCgUQ+dzXtbrLaWZGZNmNfQTsiQ0weZ1svglHg==",
      "funding": [
        {
          "type": "github",
          "url": "https://github.com/sponsors/jimmywarting"
        },
        {
          "type": "paypal",
          "url": "https://paypal.me/jimmywarting"
        }
      ],
      "dependencies": {
        "node-domexception": "^1.0.0",
        "web-streams-polyfill": "^3.0.3"
      },
      "engines": {
        "node": "^12.20 || >= 14.13"
      }
    },
    "node_modules/formdata-polyfill": {
      "version": "4.0.10",
      "resolved": "https://registry.npmjs.org/formdata-polyfill/-/formdata-polyfill-4.0.10.tgz",
      "integrity": "sha512-buewHzMvYL29jdeQTVILecSaZKnt/RJWjoZCF5OW60Z67/GmSLBkOFM7qh1PI3zFNtJbaZL5eQu1vLfazOwj4g==",
      "dependencies": {
        "fetch-blob": "^3.1.2"
      },
      "engines": {
        "node": ">=12.20.0"
      }
    },
    "node_modules/it-length-prefixed": {
      "version": "7.0.1",
      "resolved": "https://registry.npmjs.org/it-length-prefixed/-/it-length-prefixed-7.0.1.tgz",
      "integrity": "sha512-UozKoT0zZPUa0LO9OSq5KaLKPn83U7Vsy/BNAN0TUXfTI/pKrOz6RuyTSOok6NDad12FZsShBGnl9DKlfDT95g==",
      "dependencies": {
        "err-code": "^3.0.1",
        "it-stream-types": "^1.0.4",
        "uint8arraylist": "^1.2.0",
        "varint": "^6.0.0"
      },
      "engines": {
        "node": ">=16.0.0",
        "npm": ">=7.0.0"
      }
    },
    "node_modules/it-stream-types": {
      "version": "1.0.4",
      "resolved": "https://registry.npmjs.org/it-stream-types/-/it-stream-types-1.0.4.tgz",
      "integrity": "sha512-0F3CqTIcIHwtnmIgqd03a7sw8BegAmE32N2w7anIGdALea4oAN4ltqPgDMZ7zn4XPLZifXEZlBXSzgg64L1Ebw=="
    },
    "node_modules/multiformats": {
      "version": "9.6.5",
      "resolved": "https://registry.npmjs.org/multiformats/-/multiformats-9.6.5.tgz",
      "integrity": "sha512-vMwf/FUO+qAPvl3vlSZEgEVFY/AxeZq5yg761ScF3CZsXgmTi/HGkicUiNN0CI4PW8FiY2P0OLklOcmQjdQJhw=="
    },
    "node_modules/node-domexception": {
      "version": "1.0.0",
      "resolved": "https://registry.npmjs.org/node-domexception/-/node-domexception-1.0.0.tgz",
      "integrity": "sha512-/jKZoMpw0F8GRwl4/eLROPA3cfcXtLApP0QzLmUT/HuPCZWyB7IY9ZrMeKw2O/nFIqPQB3PVM9aYm0F312AXDQ==",
      "funding": [
        {
          "type": "github",
          "url": "https://github.com/sponsors/jimmywarting"
        },
        {
          "type": "github",
          "url": "https://paypal.me/jimmywarting"
        }
      ],
      "engines": {
        "node": ">=10.5.0"
      }
    },
    "node_modules/node-fetch": {
      "version": "3.2.4",
      "resolved": "https://registry.npmjs.org/node-fetch/-/node-fetch-3.2.4.tgz",
      "integrity": "sha512-WvYJRN7mMyOLurFR2YpysQGuwYrJN+qrrpHjJDuKMcSPdfFccRUla/kng2mz6HWSBxJcqPbvatS6Gb4RhOzCJw==",
      "dependencies": {
        "data-uri-to-buffer": "^4.0.0",
        "fetch-blob": "^3.1.4",
        "formdata-polyfill": "^4.0.10"
      },
      "engines": {
        "node": "^12.20.0 || ^14.13.1 || >=16.0.0"
      },
      "funding": {
        "type": "opencollective",
        "url": "https://opencollective.com/node-fetch"
      }
    },
    "node_modules/progress": {
      "version": "2.0.3",
      "resolved": "https://registry.npmjs.org/progress/-/progress-2.0.3.tgz",
      "integrity": "sha512-7PiHtLll5LdnKIMw100I+8xJXR5gW2QwWYkT6iJva0bXitZKa/XMrSbdmg3r2Xnaidz9Qumd0VPaMrZlF9V9sA==",
      "engines": {
        "node": ">=0.4.0"
      }
    },
    "node_modules/uint8arraylist": {
      "version": "1.5.1",
      "resolved": "https://registry.npmjs.org/uint8arraylist/-/uint8arraylist-1.5.1.tgz",
      "integrity": "sha512-UpPGcVlTVc7Brtwt4W2MfTqvJQsr8owHMKBnICsueSImiarVAHf8NGMjhMklFtgbCZN1/9S9oW5k1JwlalGHoA==",
      "dependencies": {
        "uint8arrays": "^3.0.0"
      },
      "engines": {
        "node": ">=16.0.0",
        "npm": ">=7.0.0"
      }
    },
    "node_modules/uint8arrays": {
      "version": "3.0.0",
      "resolved": "https://registry.npmjs.org/uint8arrays/-/uint8arrays-3.0.0.tgz",
      "integrity": "sha512-HRCx0q6O9Bfbp+HHSfQQKD7wU70+lydKVt4EghkdOvlK/NlrF90z+eXV34mUd48rNvVJXwkrMSPpCATkct8fJA==",
      "dependencies": {
        "multiformats": "^9.4.2"
      }
    },
    "node_modules/varint": {
      "version": "6.0.0",
      "resolved": "https://registry.npmjs.org/varint/-/varint-6.0.0.tgz",
      "integrity": "sha512-cXEIW6cfr15lFv563k4GuVuW/fiwjknytD37jIOLSdSWuOI6WnO/oKwmP2FQTU2l01LP8/M5TSAJpzUaGe3uWg=="
    },
    "node_modules/web-streams-polyfill": {
      "version": "3.2.1",
      "resolved": "https://registry.npmjs.org/web-streams-polyfill/-/web-streams-polyfill-3.2.1.tgz",
      "integrity": "sha512-e0MO3wdXWKrLbL0DgGnUV7WHVuw9OUvL4hjgnPkIeEvESk74gAITi5G606JtZPp39cd8HA9VQzCIvA49LpPN5Q==",
      "engines": {
        "node": ">= 8"
      }
    }
  },
  "dependencies": {
    "@mangosteen/line-by-line": {
      "version": "2.0.0",
      "resolved": "https://registry.npmjs.org/@mangosteen/line-by-line/-/line-by-line-2.0.0.tgz",
      "integrity": "sha512-PgG5j9lIaPn2631ZmXRLW4yUh2Luka6xgwsW80HA45oROx8jg8GV0CyQfyZ42pNnJzJDmKDgRhbS+p61fyEJLw=="
    },
    "@stardazed/streams-text-encoding": {
      "version": "1.0.2",
      "resolved": "https://registry.npmjs.org/@stardazed/streams-text-encoding/-/streams-text-encoding-1.0.2.tgz",
      "integrity": "sha512-f2Z15BId3t44a/u21yYSGXFAkCyKocmAyduoAy7swnZ4xIfbaZlOWsgly/jDNNOuj6hYQN72UaBRe3Z/tOHfqg=="
    },
    "byline": {
      "version": "5.0.0",
      "resolved": "https://registry.npmjs.org/byline/-/byline-5.0.0.tgz",
      "integrity": "sha1-dBxSFkaOrcRXsDQQEYrXfejB3bE="
    },
    "data-uri-to-buffer": {
      "version": "4.0.0",
      "resolved": "https://registry.npmjs.org/data-uri-to-buffer/-/data-uri-to-buffer-4.0.0.tgz",
      "integrity": "sha512-Vr3mLBA8qWmcuschSLAOogKgQ/Jwxulv3RNE4FXnYWRGujzrRWQI4m12fQqRkwX06C0KanhLr4hK+GydchZsaA=="
    },
    "err-code": {
      "version": "3.0.1",
      "resolved": "https://registry.npmjs.org/err-code/-/err-code-3.0.1.tgz",
      "integrity": "sha512-GiaH0KJUewYok+eeY05IIgjtAe4Yltygk9Wqp1V5yVWLdhf0hYZchRjNIT9bb0mSwRcIusT3cx7PJUf3zEIfUA=="
    },
    "fetch-blob": {
      "version": "3.1.5",
      "resolved": "https://registry.npmjs.org/fetch-blob/-/fetch-blob-3.1.5.tgz",
      "integrity": "sha512-N64ZpKqoLejlrwkIAnb9iLSA3Vx/kjgzpcDhygcqJ2KKjky8nCgUQ+dzXtbrLaWZGZNmNfQTsiQ0weZ1svglHg==",
      "requires": {
        "node-domexception": "^1.0.0",
        "web-streams-polyfill": "^3.0.3"
      }
    },
    "formdata-polyfill": {
      "version": "4.0.10",
      "resolved": "https://registry.npmjs.org/formdata-polyfill/-/formdata-polyfill-4.0.10.tgz",
      "integrity": "sha512-buewHzMvYL29jdeQTVILecSaZKnt/RJWjoZCF5OW60Z67/GmSLBkOFM7qh1PI3zFNtJbaZL5eQu1vLfazOwj4g==",
      "requires": {
        "fetch-blob": "^3.1.2"
      }
    },
    "it-length-prefixed": {
      "version": "7.0.1",
      "resolved": "https://registry.npmjs.org/it-length-prefixed/-/it-length-prefixed-7.0.1.tgz",
      "integrity": "sha512-UozKoT0zZPUa0LO9OSq5KaLKPn83U7Vsy/BNAN0TUXfTI/pKrOz6RuyTSOok6NDad12FZsShBGnl9DKlfDT95g==",
      "requires": {
        "err-code": "^3.0.1",
        "it-stream-types": "^1.0.4",
        "uint8arraylist": "^1.2.0",
        "varint": "^6.0.0"
      }
    },
    "it-stream-types": {
      "version": "1.0.4",
      "resolved": "https://registry.npmjs.org/it-stream-types/-/it-stream-types-1.0.4.tgz",
      "integrity": "sha512-0F3CqTIcIHwtnmIgqd03a7sw8BegAmE32N2w7anIGdALea4oAN4ltqPgDMZ7zn4XPLZifXEZlBXSzgg64L1Ebw=="
    },
    "multiformats": {
      "version": "9.6.5",
      "resolved": "https://registry.npmjs.org/multiformats/-/multiformats-9.6.5.tgz",
      "integrity": "sha512-vMwf/FUO+qAPvl3vlSZEgEVFY/AxeZq5yg761ScF3CZsXgmTi/HGkicUiNN0CI4PW8FiY2P0OLklOcmQjdQJhw=="
    },
    "node-domexception": {
      "version": "1.0.0",
      "resolved": "https://registry.npmjs.org/node-domexception/-/node-domexception-1.0.0.tgz",
      "integrity": "sha512-/jKZoMpw0F8GRwl4/eLROPA3cfcXtLApP0QzLmUT/HuPCZWyB7IY9ZrMeKw2O/nFIqPQB3PVM9aYm0F312AXDQ=="
    },
    "node-fetch": {
      "version": "3.2.4",
      "resolved": "https://registry.npmjs.org/node-fetch/-/node-fetch-3.2.4.tgz",
      "integrity": "sha512-WvYJRN7mMyOLurFR2YpysQGuwYrJN+qrrpHjJDuKMcSPdfFccRUla/kng2mz6HWSBxJcqPbvatS6Gb4RhOzCJw==",
      "requires": {
        "data-uri-to-buffer": "^4.0.0",
        "fetch-blob": "^3.1.4",
        "formdata-polyfill": "^4.0.10"
      }
    },
    "progress": {
      "version": "2.0.3",
      "resolved": "https://registry.npmjs.org/progress/-/progress-2.0.3.tgz",
      "integrity": "sha512-7PiHtLll5LdnKIMw100I+8xJXR5gW2QwWYkT6iJva0bXitZKa/XMrSbdmg3r2Xnaidz9Qumd0VPaMrZlF9V9sA=="
    },
    "uint8arraylist": {
      "version": "1.5.1",
      "resolved": "https://registry.npmjs.org/uint8arraylist/-/uint8arraylist-1.5.1.tgz",
      "integrity": "sha512-UpPGcVlTVc7Brtwt4W2MfTqvJQsr8owHMKBnICsueSImiarVAHf8NGMjhMklFtgbCZN1/9S9oW5k1JwlalGHoA==",
      "requires": {
        "uint8arrays": "^3.0.0"
      }
    },
    "uint8arrays": {
      "version": "3.0.0",
      "resolved": "https://registry.npmjs.org/uint8arrays/-/uint8arrays-3.0.0.tgz",
      "integrity": "sha512-HRCx0q6O9Bfbp+HHSfQQKD7wU70+lydKVt4EghkdOvlK/NlrF90z+eXV34mUd48rNvVJXwkrMSPpCATkct8fJA==",
      "requires": {
        "multiformats": "^9.4.2"
      }
    },
    "varint": {
      "version": "6.0.0",
      "resolved": "https://registry.npmjs.org/varint/-/varint-6.0.0.tgz",
      "integrity": "sha512-cXEIW6cfr15lFv563k4GuVuW/fiwjknytD37jIOLSdSWuOI6WnO/oKwmP2FQTU2l01LP8/M5TSAJpzUaGe3uWg=="
    },
    "web-streams-polyfill": {
      "version": "3.2.1",
      "resolved": "https://registry.npmjs.org/web-streams-polyfill/-/web-streams-polyfill-3.2.1.tgz",
      "integrity": "sha512-e0MO3wdXWKrLbL0DgGnUV7WHVuw9OUvL4hjgnPkIeEvESk74gAITi5G606JtZPp39cd8HA9VQzCIvA49LpPN5Q=="
    }
  }
}
